
Microsoft Visual Studio Solution File, Format Version 12.00
# Visual Studio Version 16
VisualStudioVersion = 16.0.29123.88
MinimumVisualStudioVersion = 10.0.40219.1
Project("{9A19103F-16F7-4668-BE54-9A1E7A4F7556}") = "AspNetClass.AzurePipelinesDemo.Web", "AspNetClass.AzurePipelinesDemo.Web\AspNetClass.AzurePipelinesDemo.Web.csproj", "{BC2F9598-EBB3-496E-8D52-C3195E8FAA4F}"
EndProject
Project("{2150E333-8FDC-42A3-9474-1A3956D46DE8}") = "Solution Items", "Solution Items", "{078BF50B-36A7-47D2-84E7-EAE3E54CAC31}"
	ProjectSection(SolutionItems) = preProject
		.gitattributes = .gitattributes
		.gitignore = .gitignore
		azure-pipelines.yml = azure-pipelines.yml
		LICENSE = LICENSE
		README.md = README.md
	EndProjectSection
EndProject
Project("{9A19103F-16F7-4668-BE54-9A1E7A4F7556}") = "AspNetClass.AzurePipelinesDemo.Web.Tests", "AspNetClass.AzurePipelinesDemo.Web.Tests\AspNetClass.AzurePipelinesDemo.Web.Tests.csproj", "{4446420F-B361-4F82-8DA1-824BF849E9BD}"
EndProject
Global
	GlobalSection(SolutionConfigurationPlatforms) = preSolution
		Debug|Any CPU = Debug|Any CPU
		Release|Any CPU = Release|Any CPU
	EndGlobalSection
	GlobalSection(ProjectConfigurationPlatforms) = postSolution
		{BC2F9598-EBB3-496E-8D52-C3195E8FAA4F}.Debug|Any CPU.ActiveCfg = Debug|Any CPU
		{BC2F9598-EBB3-496E-8D52-C3195E8FAA4F}.Debug|Any CPU.Build.0 = Debug|Any CPU
		{BC2F9598-EBB3-496E-8D52-C3195E8FAA4F}.Release|Any CPU.ActiveCfg = Release|Any CPU
		{BC2F9598-EBB3-496E-8D52-C3195E8FAA4F}.Release|Any CPU.Build.0 = Release|Any CPU
		{4446420F-B361-4F82-8DA1-824BF849E9BD}.Debug|Any CPU.ActiveCfg = Debug|Any CPU
		{4446420F-B361-4F82-8DA1-824BF849E9BD}.Debug|Any CPU.Build.0 = Debug|Any CPU
		{4446420F-B361-4F82-8DA1-824BF849E9BD}.Release|Any CPU.ActiveCfg = Release|Any CPU
		{4446420F-B361-4F82-8DA1-824BF849E9BD}.Release|Any CPU.Build.0 = Release|Any CPU
	EndGlobalSection
	GlobalSection(SolutionProperties) = preSolution
		HideSolutionNode = FALSE
	EndGlobalSection
	GlobalSection(ExtensibilityGlobals) = postSolution
		SolutionGuid = {991BD48F-382E-4B1D-B67C-C9E80186B1D2}
	EndGlobalSection
EndGlobal
